
Microsoft Visual Studio Solution File, Format Version 12.00
# Visual Studio Version 16
VisualStudioVersion = 16.0.32602.291
MinimumVisualStudioVersion = 10.0.40219.1
Project("{9A19103F-16F7-4668-BE54-9A1E7A4F7556}") = "PlaygroundWebTests", "PlaygroundWebTests\PlaygroundWebTests.csproj", "{AD8AFD85-2323-4F2F-BA0D-EE481CE1ABEB}"
EndProject
Global
	GlobalSection(SolutionConfigurationPlatforms) = preSolution
		Debug|Any CPU = Debug|Any CPU
		Release|Any CPU = Release|Any CPU
	EndGlobalSection
	GlobalSection(ProjectConfigurationPlatforms) = postSolution
		{AD8AFD85-2323-4F2F-BA0D-EE481CE1ABEB}.Debug|Any CPU.ActiveCfg = Debug|Any CPU
		{AD8AFD85-2323-4F2F-BA0D-EE481CE1ABEB}.Debug|Any CPU.Build.0 = Debug|Any CPU
		{AD8AFD85-2323-4F2F-BA0D-EE481CE1ABEB}.Release|Any CPU.ActiveCfg = Release|Any CPU
		{AD8AFD85-2323-4F2F-BA0D-EE481CE1ABEB}.Release|Any CPU.Build.0 = Release|Any CPU
	EndGlobalSection
	GlobalSection(SolutionProperties) = preSolution
		HideSolutionNode = FALSE
	EndGlobalSection
	GlobalSection(ExtensibilityGlobals) = postSolution
		SolutionGuid = {67FC5512-74A5-486F-8B6E-7A71FA10993E}
	EndGlobalSection
EndGlobal
